
Microsoft Visual Studio Solution File, Format Version 12.00
# Visual Studio 15
VisualStudioVersion = 15.0.28010.2026
MinimumVisualStudioVersion = 10.0.40219.1
Project("{9A19103F-16F7-4668-BE54-9A1E7A4F7556}") = "CoreMVC", "CoreMVC\CoreMVC.csproj", "{D4E38855-A45C-416E-B4C0-C2D89D6C3102}"
EndProject
Project("{FAE04EC0-301F-11D3-BF4B-00C04F79EFBC}") = "MusicHelpers", "MusicHelpers\MusicHelpers.csproj", "{3596036A-50F8-4D7B-B8B2-362A499AA951}"
EndProject
Global
	GlobalSection(SolutionConfigurationPlatforms) = preSolution
		Debug|Any CPU = Debug|Any CPU
		Release|Any CPU = Release|Any CPU
	EndGlobalSection
	GlobalSection(ProjectConfigurationPlatforms) = postSolution
		{D4E38855-A45C-416E-B4C0-C2D89D6C3102}.Debug|Any CPU.ActiveCfg = Debug|Any CPU
		{D4E38855-A45C-416E-B4C0-C2D89D6C3102}.Debug|Any CPU.Build.0 = Debug|Any CPU
		{D4E38855-A45C-416E-B4C0-C2D89D6C3102}.Release|Any CPU.ActiveCfg = Release|Any CPU
		{D4E38855-A45C-416E-B4C0-C2D89D6C3102}.Release|Any CPU.Build.0 = Release|Any CPU
		{3596036A-50F8-4D7B-B8B2-362A499AA951}.Debug|Any CPU.ActiveCfg = Debug|Any CPU
		{3596036A-50F8-4D7B-B8B2-362A499AA951}.Debug|Any CPU.Build.0 = Debug|Any CPU
		{3596036A-50F8-4D7B-B8B2-362A499AA951}.Release|Any CPU.ActiveCfg = Release|Any CPU
		{3596036A-50F8-4D7B-B8B2-362A499AA951}.Release|Any CPU.Build.0 = Release|Any CPU
	EndGlobalSection
	GlobalSection(SolutionProperties) = preSolution
		HideSolutionNode = FALSE
	EndGlobalSection
	GlobalSection(ExtensibilityGlobals) = postSolution
		SolutionGuid = {D72C98DD-8805-42E6-AE65-12004E01EDCE}
	EndGlobalSection
EndGlobal
